PODS:
  - CocoaLumberjack (2.0.1):
    - CocoaLumberjack/Default (= 2.0.1)
    - CocoaLumberjack/Extensions (= 2.0.1)
  - CocoaLumberjack/Core (2.0.1)
  - CocoaLumberjack/Default (2.0.1):
    - CocoaLumberjack/Core
  - CocoaLumberjack/Extensions (2.0.1):
    - CocoaLumberjack/Default
  - DTCoreText (1.6.16):
    - DTFoundation/Core (~> 1.7.5)
    - DTFoundation/DTAnimatedGIF (~> 1.7.5)
    - DTFoundation/DTHTMLParser (~> 1.7.5)
    - DTFoundation/UIKit (~> 1.7.5)
  - DTFoundation/Core (1.7.7)
  - DTFoundation/DTAnimatedGIF (1.7.7)
  - DTFoundation/DTHTMLParser (1.7.7):
    - DTFoundation/Core
  - DTFoundation/UIKit (1.7.7):
    - DTFoundation/Core
  - Expecta (1.0.2)
  - FXImageView (1.3.5)
  - OCMock (3.1.2)
  - Reachability (3.2)
  - Specta (1.0.3)

DEPENDENCIES:
  - CocoaLumberjack (~> 2)
  - DTCoreText (~> 1)
  - Expecta (~> 1)
  - FXImageView (~> 1)
  - OCMock (~> 3)
  - Reachability (~> 3)
  - Specta (~> 1)

SPEC CHECKSUMS:
  CocoaLumberjack: 019d1361244274a6138c788c6cb80baabc13fb8f
  DTCoreText: 934a16fe9ffdd169c96261721b39dc312b75713d
  DTFoundation: c9b3362b83f0017389082ec067ede719826a579d
  Expecta: 54e8a3530add08f4f0208c111355eda7cde74a53
  FXImageView: 7d84722b37f0afea9a64f12fdd4a6c7f9ecc4b16
  OCMock: a10ea9f0a6e921651f96f78b6faee95ebc813b92
  Reachability: 33e18b67625424e47b6cde6d202dce689ad7af96
  Specta: cf3e4188cf35375c3ee2cd03f8db8f1f4ef98234

COCOAPODS: 0.38.2
